
Microsoft Visual Studio Solution File, Format Version 12.00
Project("{FAE04EC0-301F-11D3-BF4B-00C04F79EFBC}") = "Problem5", "Problem5\Problem5.csproj", "{4CD59DC7-135B-49D9-9015-40A12CF54519}"
EndProject
Project("{FAE04EC0-301F-11D3-BF4B-00C04F79EFBC}") = "Problem5Tests", "Problem5Tests\Problem5Tests.csproj", "{5D716E6C-357F-44D5-AA35-E63A8400580B}"
EndProject
Global
	GlobalSection(SolutionConfigurationPlatforms) = preSolution
		Debug|Any CPU = Debug|Any CPU
		Release|Any CPU = Release|Any CPU
	EndGlobalSection
	GlobalSection(ProjectConfigurationPlatforms) = postSolution
		{4CD59DC7-135B-49D9-9015-40A12CF54519}.Debug|Any CPU.ActiveCfg = Debug|Any CPU
		{4CD59DC7-135B-49D9-9015-40A12CF54519}.Debug|Any CPU.Build.0 = Debug|Any CPU
		{4CD59DC7-135B-49D9-9015-40A12CF54519}.Release|Any CPU.ActiveCfg = Release|Any CPU
		{4CD59DC7-135B-49D9-9015-40A12CF54519}.Release|Any CPU.Build.0 = Release|Any CPU
		{5D716E6C-357F-44D5-AA35-E63A8400580B}.Debug|Any CPU.ActiveCfg = Debug|Any CPU
		{5D716E6C-357F-44D5-AA35-E63A8400580B}.Debug|Any CPU.Build.0 = Debug|Any CPU
		{5D716E6C-357F-44D5-AA35-E63A8400580B}.Release|Any CPU.ActiveCfg = Release|Any CPU
		{5D716E6C-357F-44D5-AA35-E63A8400580B}.Release|Any CPU.Build.0 = Release|Any CPU
	EndGlobalSection
EndGlobal
