
Microsoft Visual Studio Solution File, Format Version 12.00
Project("{FAE04EC0-301F-11D3-BF4B-00C04F79EFBC}") = "Problem480", "Problem480\Problem480.csproj", "{C935F1EE-39DC-4A47-80A9-BCD39904465C}"
EndProject
Global
	GlobalSection(SolutionConfigurationPlatforms) = preSolution
		Debug|Any CPU = Debug|Any CPU
		Release|Any CPU = Release|Any CPU
	EndGlobalSection
	GlobalSection(ProjectConfigurationPlatforms) = postSolution
		{C935F1EE-39DC-4A47-80A9-BCD39904465C}.Debug|Any CPU.ActiveCfg = Debug|Any CPU
		{C935F1EE-39DC-4A47-80A9-BCD39904465C}.Debug|Any CPU.Build.0 = Debug|Any CPU
		{C935F1EE-39DC-4A47-80A9-BCD39904465C}.Release|Any CPU.ActiveCfg = Release|Any CPU
		{C935F1EE-39DC-4A47-80A9-BCD39904465C}.Release|Any CPU.Build.0 = Release|Any CPU
	EndGlobalSection
EndGlobal
