
Microsoft Visual Studio Solution File, Format Version 12.00
Project("{FAE04EC0-301F-11D3-BF4B-00C04F79EFBC}") = "Problem239", "Problem239\Problem239.csproj", "{2A7F753C-F681-40F1-B607-0F99DA0F218A}"
EndProject
Global
	GlobalSection(SolutionConfigurationPlatforms) = preSolution
		Debug|Any CPU = Debug|Any CPU
		Release|Any CPU = Release|Any CPU
	EndGlobalSection
	GlobalSection(ProjectConfigurationPlatforms) = postSolution
		{2A7F753C-F681-40F1-B607-0F99DA0F218A}.Debug|Any CPU.ActiveCfg = Debug|Any CPU
		{2A7F753C-F681-40F1-B607-0F99DA0F218A}.Debug|Any CPU.Build.0 = Debug|Any CPU
		{2A7F753C-F681-40F1-B607-0F99DA0F218A}.Release|Any CPU.ActiveCfg = Release|Any CPU
		{2A7F753C-F681-40F1-B607-0F99DA0F218A}.Release|Any CPU.Build.0 = Release|Any CPU
	EndGlobalSection
EndGlobal
