
Microsoft Visual Studio Solution File, Format Version 12.00
Project("{FAE04EC0-301F-11D3-BF4B-00C04F79EFBC}") = "Problem141", "Problem141\Problem141.csproj", "{0394675B-A8A8-457B-9DC7-91736E44B108}"
EndProject
Project("{FAE04EC0-301F-11D3-BF4B-00C04F79EFBC}") = "Problem141Tests", "Problem141Tests\Problem141Tests.csproj", "{FDFB1DA8-BA7B-4384-A612-C0EDDE5EB932}"
EndProject
Global
	GlobalSection(SolutionConfigurationPlatforms) = preSolution
		Debug|Any CPU = Debug|Any CPU
		Release|Any CPU = Release|Any CPU
	EndGlobalSection
	GlobalSection(ProjectConfigurationPlatforms) = postSolution
		{0394675B-A8A8-457B-9DC7-91736E44B108}.Debug|Any CPU.ActiveCfg = Debug|Any CPU
		{0394675B-A8A8-457B-9DC7-91736E44B108}.Debug|Any CPU.Build.0 = Debug|Any CPU
		{0394675B-A8A8-457B-9DC7-91736E44B108}.Release|Any CPU.ActiveCfg = Release|Any CPU
		{0394675B-A8A8-457B-9DC7-91736E44B108}.Release|Any CPU.Build.0 = Release|Any CPU
		{FDFB1DA8-BA7B-4384-A612-C0EDDE5EB932}.Debug|Any CPU.ActiveCfg = Debug|Any CPU
		{FDFB1DA8-BA7B-4384-A612-C0EDDE5EB932}.Debug|Any CPU.Build.0 = Debug|Any CPU
		{FDFB1DA8-BA7B-4384-A612-C0EDDE5EB932}.Release|Any CPU.ActiveCfg = Release|Any CPU
		{FDFB1DA8-BA7B-4384-A612-C0EDDE5EB932}.Release|Any CPU.Build.0 = Release|Any CPU
	EndGlobalSection
EndGlobal
